// !$*UTF8*$!
{
	archiveVersion = 1;
	classes = {
	};
	objectVersion = 56;
	objects = {

/* Begin PBXBuildFile section */
		07F3CD8C79801331489CC150 /* Pods_marvelSuperHeroes.framework in Frameworks */ = {isa = PBXBuildFile; fileRef = BDFBD04B8CADDEDD455B9BC1 /* Pods_marvelSuperHeroes.framework */; };
		30E20AD42925AFD4008FC3DB /* AppDelegate.swift in Sources */ = {isa = PBXBuildFile; fileRef = 30E20AD32925AFD4008FC3DB /* AppDelegate.swift */; };
		30E20AD62925AFD4008FC3DB /* SceneDelegate.swift in Sources */ = {isa = PBXBuildFile; fileRef = 30E20AD52925AFD4008FC3DB /* SceneDelegate.swift */; };
		30E20ADE2925AFD4008FC3DB /* marvelSuperHeroes.xcdatamodeld in Sources */ = {isa = PBXBuildFile; fileRef = 30E20ADC2925AFD4008FC3DB /* marvelSuperHeroes.xcdatamodeld */; };
		30E20AE02925AFDE008FC3DB /* Assets.xcassets in Resources */ = {isa = PBXBuildFile; fileRef = 30E20ADF2925AFDE008FC3DB /* Assets.xcassets */; };
		30E20AE32925AFDE008FC3DB /* LaunchScreen.storyboard in Resources */ = {isa = PBXBuildFile; fileRef = 30E20AE12925AFDE008FC3DB /* LaunchScreen.storyboard */; };
		30E20AEE2925AFDF008FC3DB /* marvelSuperHeroesTests.swift in Sources */ = {isa = PBXBuildFile; fileRef = 30E20AED2925AFDF008FC3DB /* marvelSuperHeroesTests.swift */; };
		30E20AF82925AFDF008FC3DB /* marvelSuperHeroesUITests.swift in Sources */ = {isa = PBXBuildFile; fileRef = 30E20AF72925AFDF008FC3DB /* marvelSuperHeroesUITests.swift */; };
		30E20AFA2925AFDF008FC3DB /* marvelSuperHeroesUITestsLaunchTests.swift in Sources */ = {isa = PBXBuildFile; fileRef = 30E20AF92925AFDF008FC3DB /* marvelSuperHeroesUITestsLaunchTests.swift */; };
		30E20B0A2925B249008FC3DB /* HomeViewController.swift in Sources */ = {isa = PBXBuildFile; fileRef = 30E20B092925B249008FC3DB /* HomeViewController.swift */; };
		30E20B0B2925B249008FC3DB /* HomeViewController.swift in Sources */ = {isa = PBXBuildFile; fileRef = 30E20B092925B249008FC3DB /* HomeViewController.swift */; };
		30E20B0F2925B7A1008FC3DB /* HomeView.swift in Sources */ = {isa = PBXBuildFile; fileRef = 30E20B0E2925B7A1008FC3DB /* HomeView.swift */; };
		30E20B102925B7A1008FC3DB /* HomeView.swift in Sources */ = {isa = PBXBuildFile; fileRef = 30E20B0E2925B7A1008FC3DB /* HomeView.swift */; };
		30E20B14292656AA008FC3DB /* FavoritesViewController.swift in Sources */ = {isa = PBXBuildFile; fileRef = 30E20B13292656AA008FC3DB /* FavoritesViewController.swift */; };
		30E20B15292656AA008FC3DB /* FavoritesViewController.swift in Sources */ = {isa = PBXBuildFile; fileRef = 30E20B13292656AA008FC3DB /* FavoritesViewController.swift */; };
		30E20B18292656E7008FC3DB /* FavoritesView.swift in Sources */ = {isa = PBXBuildFile; fileRef = 30E20B17292656E7008FC3DB /* FavoritesView.swift */; };
		30E20B19292656E7008FC3DB /* FavoritesView.swift in Sources */ = {isa = PBXBuildFile; fileRef = 30E20B17292656E7008FC3DB /* FavoritesView.swift */; };
		30E20B1B29265830008FC3DB /* MainViewController.swift in Sources */ = {isa = PBXBuildFile; fileRef = 30E20B1A29265830008FC3DB /* MainViewController.swift */; };
		30E20B1C29265830008FC3DB /* MainViewController.swift in Sources */ = {isa = PBXBuildFile; fileRef = 30E20B1A29265830008FC3DB /* MainViewController.swift */; };
		30E20B25292683DD008FC3DB /* Hero.swift in Sources */ = {isa = PBXBuildFile; fileRef = 30E20B24292683DD008FC3DB /* Hero.swift */; };
		30E20B28292684C4008FC3DB /* HomeViewModel.swift in Sources */ = {isa = PBXBuildFile; fileRef = 30E20B27292684C4008FC3DB /* HomeViewModel.swift */; };
		30E20B29292684C4008FC3DB /* HomeViewModel.swift in Sources */ = {isa = PBXBuildFile; fileRef = 30E20B27292684C4008FC3DB /* HomeViewModel.swift */; };
		30E20B2D2926AB98008FC3DB /* HeroCellViewModel.swift in Sources */ = {isa = PBXBuildFile; fileRef = 30E20B2C2926AB98008FC3DB /* HeroCellViewModel.swift */; };
		30E20B302926AC50008FC3DB /* HeroTableViewCell.swift in Sources */ = {isa = PBXBuildFile; fileRef = 30E20B2F2926AC50008FC3DB /* HeroTableViewCell.swift */; };
		30E20B322926D991008FC3DB /* HeroCellView.swift in Sources */ = {isa = PBXBuildFile; fileRef = 30E20B312926D991008FC3DB /* HeroCellView.swift */; };
		30E20B352927B5D5008FC3DB /* HeroDetailViewController.swift in Sources */ = {isa = PBXBuildFile; fileRef = 30E20B342927B5D4008FC3DB /* HeroDetailViewController.swift */; };
		30E20B362927B5D5008FC3DB /* HeroDetailViewController.swift in Sources */ = {isa = PBXBuildFile; fileRef = 30E20B342927B5D4008FC3DB /* HeroDetailViewController.swift */; };
		30E20B382927B92C008FC3DB /* HeroDetailView.swift in Sources */ = {isa = PBXBuildFile; fileRef = 30E20B372927B92C008FC3DB /* HeroDetailView.swift */; };
		30E20B392927B92C008FC3DB /* HeroDetailView.swift in Sources */ = {isa = PBXBuildFile; fileRef = 30E20B372927B92C008FC3DB /* HeroDetailView.swift */; };
		30E20B3B29284080008FC3DB /* Utilities.swift in Sources */ = {isa = PBXBuildFile; fileRef = 30E20B3A29284080008FC3DB /* Utilities.swift */; };
		30E20B3E29284459008FC3DB /* Extensions.swift in Sources */ = {isa = PBXBuildFile; fileRef = 30E20B3D29284459008FC3DB /* Extensions.swift */; };
		30E20B41292BB7AC008FC3DB /* HeroDetailViewModel.swift in Sources */ = {isa = PBXBuildFile; fileRef = 30E20B40292BB7AC008FC3DB /* HeroDetailViewModel.swift */; };
		30E20B47292BD04E008FC3DB /* Service.swift in Sources */ = {isa = PBXBuildFile; fileRef = 30E20B46292BD04E008FC3DB /* Service.swift */; };
		30E20B48292BD04E008FC3DB /* Service.swift in Sources */ = {isa = PBXBuildFile; fileRef = 30E20B46292BD04E008FC3DB /* Service.swift */; };
		30E20B4A292BD371008FC3DB /* heroes.json in Resources */ = {isa = PBXBuildFile; fileRef = 30E20B49292BD371008FC3DB /* heroes.json */; };
		30E20B4B292BD371008FC3DB /* heroes.json in Resources */ = {isa = PBXBuildFile; fileRef = 30E20B49292BD371008FC3DB /* heroes.json */; };
		30E20B57292C179A008FC3DB /* FullScreenLoaderView.swift in Sources */ = {isa = PBXBuildFile; fileRef = 30E20B55292C179A008FC3DB /* FullScreenLoaderView.swift */; };
		30E20B58292C179A008FC3DB /* FullScreenLoaderView.xib in Resources */ = {isa = PBXBuildFile; fileRef = 30E20B56292C179A008FC3DB /* FullScreenLoaderView.xib */; };
		30E20B5A292C226B008FC3DB /* ApiGlobalVariables.swift in Sources */ = {isa = PBXBuildFile; fileRef = 30E20B59292C226B008FC3DB /* ApiGlobalVariables.swift */; };
		30E20B5C292D686B008FC3DB /* ResponseModel.swift in Sources */ = {isa = PBXBuildFile; fileRef = 30E20B5B292D686B008FC3DB /* ResponseModel.swift */; };
		30E20B5F292E4694008FC3DB /* MD5Generator.swift in Sources */ = {isa = PBXBuildFile; fileRef = 30E20B5E292E4694008FC3DB /* MD5Generator.swift */; };
		87CFDEC61E181169FFC09568 /* Pods_marvelSuperHeroesTests.framework in Frameworks */ = {isa = PBXBuildFile; fileRef = AA381185C82B8C1BA566E42D /* Pods_marvelSuperHeroesTests.framework */; };
		FFB558BBA1101E9C85D278D5 /* Pods_marvelSuperHeroes_marvelSuperHeroesUITests.framework in Frameworks */ = {isa = PBXBuildFile; fileRef = 92E5A552CD10609D5E54387A /* Pods_marvelSuperHeroes_marvelSuperHeroesUITests.framework */; };
/* End PBXBuildFile section */

/* Begin PBXContainerItemProxy section */
		30E20AEA2925AFDF008FC3DB /* PBXContainerItemProxy */ = {
			isa = PBXContainerItemProxy;
			containerPortal = 30E20AC82925AFD4008FC3DB /* Project object */;
			proxyType = 1;
			remoteGlobalIDString = 30E20ACF2925AFD4008FC3DB;
			remoteInfo = marvelSuperHeroes;
		};
		30E20AF42925AFDF008FC3DB /* PBXContainerItemProxy */ = {
			isa = PBXContainerItemProxy;
			containerPortal = 30E20AC82925AFD4008FC3DB /* Project object */;
			proxyType = 1;
			remoteGlobalIDString = 30E20ACF2925AFD4008FC3DB;
			remoteInfo = marvelSuperHeroes;
		};
/* End PBXContainerItemProxy section */

/* Begin PBXFileReference section */
		30E20AD02925AFD4008FC3DB /* marvelSuperHeroes.app */ = {isa = PBXFileReference; explicitFileType = wrapper.application; includeInIndex = 0; path = marvelSuperHeroes.app; sourceTree = BUILT_PRODUCTS_DIR; };
		30E20AD32925AFD4008FC3DB /* AppDelegate.swift */ = {isa = PBXFileReference; lastKnownFileType = sourcecode.swift; path = AppDelegate.swift; sourceTree = "<group>"; };
		30E20AD52925AFD4008FC3DB /* SceneDelegate.swift */ = {isa = PBXFileReference; lastKnownFileType = sourcecode.swift; path = SceneDelegate.swift; sourceTree = "<group>"; };
		30E20ADD2925AFD4008FC3DB /* marvelSuperHeroes.xcdatamodel */ = {isa = PBXFileReference; lastKnownFileType = wrapper.xcdatamodel; path = marvelSuperHeroes.xcdatamodel; sourceTree = "<group>"; };
		30E20ADF2925AFDE008FC3DB /* Assets.xcassets */ = {isa = PBXFileReference; lastKnownFileType = folder.assetcatalog; path = Assets.xcassets; sourceTree = "<group>"; };
		30E20AE22925AFDE008FC3DB /* Base */ = {isa = PBXFileReference; lastKnownFileType = file.storyboard; name = Base; path = Base.lproj/LaunchScreen.storyboard; sourceTree = "<group>"; };
		30E20AE42925AFDE008FC3DB /* Info.plist */ = {isa = PBXFileReference; lastKnownFileType = text.plist.xml; path = Info.plist; sourceTree = "<group>"; };
		30E20AE92925AFDF008FC3DB /* marvelSuperHeroesTests.xctest */ = {isa = PBXFileReference; explicitFileType = wrapper.cfbundle; includeInIndex = 0; path = marvelSuperHeroesTests.xctest; sourceTree = BUILT_PRODUCTS_DIR; };
		30E20AED2925AFDF008FC3DB /* marvelSuperHeroesTests.swift */ = {isa = PBXFileReference; lastKnownFileType = sourcecode.swift; path = marvelSuperHeroesTests.swift; sourceTree = "<group>"; };
		30E20AF32925AFDF008FC3DB /* marvelSuperHeroesUITests.xctest */ = {isa = PBXFileReference; explicitFileType = wrapper.cfbundle; includeInIndex = 0; path = marvelSuperHeroesUITests.xctest; sourceTree = BUILT_PRODUCTS_DIR; };
		30E20AF72925AFDF008FC3DB /* marvelSuperHeroesUITests.swift */ = {isa = PBXFileReference; lastKnownFileType = sourcecode.swift; path = marvelSuperHeroesUITests.swift; sourceTree = "<group>"; };
		30E20AF92925AFDF008FC3DB /* marvelSuperHeroesUITestsLaunchTests.swift */ = {isa = PBXFileReference; lastKnownFileType = sourcecode.swift; path = marvelSuperHeroesUITestsLaunchTests.swift; sourceTree = "<group>"; };
		30E20B092925B249008FC3DB /* HomeViewController.swift */ = {isa = PBXFileReference; lastKnownFileType = sourcecode.swift; path = HomeViewController.swift; sourceTree = "<group>"; };
		30E20B0E2925B7A1008FC3DB /* HomeView.swift */ = {isa = PBXFileReference; lastKnownFileType = sourcecode.swift; path = HomeView.swift; sourceTree = "<group>"; };
		30E20B13292656AA008FC3DB /* FavoritesViewController.swift */ = {isa = PBXFileReference; lastKnownFileType = sourcecode.swift; path = FavoritesViewController.swift; sourceTree = "<group>"; };
		30E20B17292656E7008FC3DB /* FavoritesView.swift */ = {isa = PBXFileReference; lastKnownFileType = sourcecode.swift; path = FavoritesView.swift; sourceTree = "<group>"; };
		30E20B1A29265830008FC3DB /* MainViewController.swift */ = {isa = PBXFileReference; lastKnownFileType = sourcecode.swift; path = MainViewController.swift; sourceTree = "<group>"; };
		30E20B24292683DD008FC3DB /* Hero.swift */ = {isa = PBXFileReference; lastKnownFileType = sourcecode.swift; path = Hero.swift; sourceTree = "<group>"; };
		30E20B27292684C4008FC3DB /* HomeViewModel.swift */ = {isa = PBXFileReference; lastKnownFileType = sourcecode.swift; path = HomeViewModel.swift; sourceTree = "<group>"; };
		30E20B2C2926AB98008FC3DB /* HeroCellViewModel.swift */ = {isa = PBXFileReference; lastKnownFileType = sourcecode.swift; path = HeroCellViewModel.swift; sourceTree = "<group>"; };
		30E20B2F2926AC50008FC3DB /* HeroTableViewCell.swift */ = {isa = PBXFileReference; lastKnownFileType = sourcecode.swift; path = HeroTableViewCell.swift; sourceTree = "<group>"; };
		30E20B312926D991008FC3DB /* HeroCellView.swift */ = {isa = PBXFileReference; lastKnownFileType = sourcecode.swift; path = HeroCellView.swift; sourceTree = "<group>"; };
		30E20B342927B5D4008FC3DB /* HeroDetailViewController.swift */ = {isa = PBXFileReference; lastKnownFileType = sourcecode.swift; path = HeroDetailViewController.swift; sourceTree = "<group>"; };
		30E20B372927B92C008FC3DB /* HeroDetailView.swift */ = {isa = PBXFileReference; lastKnownFileType = sourcecode.swift; path = HeroDetailView.swift; sourceTree = "<group>"; };
		30E20B3A29284080008FC3DB /* Utilities.swift */ = {isa = PBXFileReference; lastKnownFileType = sourcecode.swift; path = Utilities.swift; sourceTree = "<group>"; };
		30E20B3D29284459008FC3DB /* Extensions.swift */ = {isa = PBXFileReference; lastKnownFileType = sourcecode.swift; path = Extensions.swift; sourceTree = "<group>"; };
		30E20B40292BB7AC008FC3DB /* HeroDetailViewModel.swift */ = {isa = PBXFileReference; lastKnownFileType = sourcecode.swift; path = HeroDetailViewModel.swift; sourceTree = "<group>"; };
		30E20B46292BD04E008FC3DB /* Service.swift */ = {isa = PBXFileReference; lastKnownFileType = sourcecode.swift; path = Service.swift; sourceTree = "<group>"; };
		30E20B49292BD371008FC3DB /* heroes.json */ = {isa = PBXFileReference; lastKnownFileType = text.json; path = heroes.json; sourceTree = "<group>"; };
		30E20B55292C179A008FC3DB /* FullScreenLoaderView.swift */ = {isa = PBXFileReference; lastKnownFileType = sourcecode.swift; path = FullScreenLoaderView.swift; sourceTree = "<group>"; };
		30E20B56292C179A008FC3DB /* FullScreenLoaderView.xib */ = {isa = PBXFileReference; lastKnownFileType = file.xib; path = FullScreenLoaderView.xib; sourceTree = "<group>"; };
		30E20B59292C226B008FC3DB /* ApiGlobalVariables.swift */ = {isa = PBXFileReference; lastKnownFileType = sourcecode.swift; path = ApiGlobalVariables.swift; sourceTree = "<group>"; };
		30E20B5B292D686B008FC3DB /* ResponseModel.swift */ = {isa = PBXFileReference; lastKnownFileType = sourcecode.swift; path = ResponseModel.swift; sourceTree = "<group>"; };
		30E20B5E292E4694008FC3DB /* MD5Generator.swift */ = {isa = PBXFileReference; lastKnownFileType = sourcecode.swift; path = MD5Generator.swift; sourceTree = "<group>"; };
		35176E1C4B34ED94035A3A65 /* Pods-marvelSuperHeroesTests.debug.xcconfig */ = {isa = PBXFileReference; includeInIndex = 1; lastKnownFileType = text.xcconfig; name = "Pods-marvelSuperHeroesTests.debug.xcconfig"; path = "Target Support Files/Pods-marvelSuperHeroesTests/Pods-marvelSuperHeroesTests.debug.xcconfig"; sourceTree = "<group>"; };
		39090E938B877B77B164859D /* Pods-marvelSuperHeroes.debug.xcconfig */ = {isa = PBXFileReference; includeInIndex = 1; lastKnownFileType = text.xcconfig; name = "Pods-marvelSuperHeroes.debug.xcconfig"; path = "Target Support Files/Pods-marvelSuperHeroes/Pods-marvelSuperHeroes.debug.xcconfig"; sourceTree = "<group>"; };
		3C5CD95E82FB37AC23F424FE /* Pods-marvelSuperHeroes.release.xcconfig */ = {isa = PBXFileReference; includeInIndex = 1; lastKnownFileType = text.xcconfig; name = "Pods-marvelSuperHeroes.release.xcconfig"; path = "Target Support Files/Pods-marvelSuperHeroes/Pods-marvelSuperHeroes.release.xcconfig"; sourceTree = "<group>"; };
		92E5A552CD10609D5E54387A /* Pods_marvelSuperHeroes_marvelSuperHeroesUITests.framework */ = {isa = PBXFileReference; explicitFileType = wrapper.framework; includeInIndex = 0; path = Pods_marvelSuperHeroes_marvelSuperHeroesUITests.framework; sourceTree = BUILT_PRODUCTS_DIR; };
		AA381185C82B8C1BA566E42D /* Pods_marvelSuperHeroesTests.framework */ = {isa = PBXFileReference; explicitFileType = wrapper.framework; includeInIndex = 0; path = Pods_marvelSuperHeroesTests.framework; sourceTree = BUILT_PRODUCTS_DIR; };
		B9F5BB1A38D383CA3D61B169 /* Pods-marvelSuperHeroes-marvelSuperHeroesUITests.debug.xcconfig */ = {isa = PBXFileReference; includeInIndex = 1; lastKnownFileType = text.xcconfig; name = "Pods-marvelSuperHeroes-marvelSuperHeroesUITests.debug.xcconfig"; path = "Target Support Files/Pods-marvelSuperHeroes-marvelSuperHeroesUITests/Pods-marvelSuperHeroes-marvelSuperHeroesUITests.debug.xcconfig"; sourceTree = "<group>"; };
		BC192CEB7684011FD683DBA0 /* Pods-marvelSuperHeroesTests.release.xcconfig */ = {isa = PBXFileReference; includeInIndex = 1; lastKnownFileType = text.xcconfig; name = "Pods-marvelSuperHeroesTests.release.xcconfig"; path = "Target Support Files/Pods-marvelSuperHeroesTests/Pods-marvelSuperHeroesTests.release.xcconfig"; sourceTree = "<group>"; };
		BDFBD04B8CADDEDD455B9BC1 /* Pods_marvelSuperHeroes.framework */ = {isa = PBXFileReference; explicitFileType = wrapper.framework; includeInIndex = 0; path = Pods_marvelSuperHeroes.framework; sourceTree = BUILT_PRODUCTS_DIR; };
		E0E1DE4B032DF52581DB4C9F /* Pods-marvelSuperHeroes-marvelSuperHeroesUITests.release.xcconfig */ = {isa = PBXFileReference; includeInIndex = 1; lastKnownFileType = text.xcconfig; name = "Pods-marvelSuperHeroes-marvelSuperHeroesUITests.release.xcconfig"; path = "Target Support Files/Pods-marvelSuperHeroes-marvelSuperHeroesUITests/Pods-marvelSuperHeroes-marvelSuperHeroesUITests.release.xcconfig"; sourceTree = "<group>"; };
/* End PBXFileReference section */

/* Begin PBXFrameworksBuildPhase section */
		30E20ACD2925AFD4008FC3DB /* Frameworks */ = {
			isa = PBXFrameworksBuildPhase;
			buildActionMask = 2147483647;
			files = (
				07F3CD8C79801331489CC150 /* Pods_marvelSuperHeroes.framework in Frameworks */,
			);
			runOnlyForDeploymentPostprocessing = 0;
		};
		30E20AE62925AFDF008FC3DB /* Frameworks */ = {
			isa = PBXFrameworksBuildPhase;
			buildActionMask = 2147483647;
			files = (
				87CFDEC61E181169FFC09568 /* Pods_marvelSuperHeroesTests.framework in Frameworks */,
			);
			runOnlyForDeploymentPostprocessing = 0;
		};
		30E20AF02925AFDF008FC3DB /* Frameworks */ = {
			isa = PBXFrameworksBuildPhase;
			buildActionMask = 2147483647;
			files = (
				FFB558BBA1101E9C85D278D5 /* Pods_marvelSuperHeroes_marvelSuperHeroesUITests.framework in Frameworks */,
			);
			runOnlyForDeploymentPostprocessing = 0;
		};
/* End PBXFrameworksBuildPhase section */

/* Begin PBXGroup section */
		30E20AC72925AFD4008FC3DB = {
			isa = PBXGroup;
			children = (
				30E20AD22925AFD4008FC3DB /* marvelSuperHeroes */,
				30E20AEC2925AFDF008FC3DB /* marvelSuperHeroesTests */,
				30E20AF62925AFDF008FC3DB /* marvelSuperHeroesUITests */,
				30E20AD12925AFD4008FC3DB /* Products */,
				5CA5491F4E86443783A02D67 /* Pods */,
				E2272EBE05A7ABD3245947DF /* Frameworks */,
			);
			sourceTree = "<group>";
		};
		30E20AD12925AFD4008FC3DB /* Products */ = {
			isa = PBXGroup;
			children = (
				30E20AD02925AFD4008FC3DB /* marvelSuperHeroes.app */,
				30E20AE92925AFDF008FC3DB /* marvelSuperHeroesTests.xctest */,
				30E20AF32925AFDF008FC3DB /* marvelSuperHeroesUITests.xctest */,
			);
			name = Products;
			sourceTree = "<group>";
		};
		30E20AD22925AFD4008FC3DB /* marvelSuperHeroes */ = {
			isa = PBXGroup;
			children = (
				30E20B082925B201008FC3DB /* Sources */,
				30E20B072925B1EC008FC3DB /* Resources */,
				30E20B062925B1C2008FC3DB /* Application */,
				30E20AE42925AFDE008FC3DB /* Info.plist */,
				30E20ADC2925AFD4008FC3DB /* marvelSuperHeroes.xcdatamodeld */,
			);
			path = marvelSuperHeroes;
			sourceTree = "<group>";
		};
		30E20AEC2925AFDF008FC3DB /* marvelSuperHeroesTests */ = {
			isa = PBXGroup;
			children = (
				30E20AED2925AFDF008FC3DB /* marvelSuperHeroesTests.swift */,
			);
			path = marvelSuperHeroesTests;
			sourceTree = "<group>";
		};
		30E20AF62925AFDF008FC3DB /* marvelSuperHeroesUITests */ = {
			isa = PBXGroup;
			children = (
				30E20AF72925AFDF008FC3DB /* marvelSuperHeroesUITests.swift */,
				30E20AF92925AFDF008FC3DB /* marvelSuperHeroesUITestsLaunchTests.swift */,
			);
			path = marvelSuperHeroesUITests;
			sourceTree = "<group>";
		};
		30E20B062925B1C2008FC3DB /* Application */ = {
			isa = PBXGroup;
			children = (
				30E20AD32925AFD4008FC3DB /* AppDelegate.swift */,
				30E20AD52925AFD4008FC3DB /* SceneDelegate.swift */,
				30E20AE12925AFDE008FC3DB /* LaunchScreen.storyboard */,
			);
			path = Application;
			sourceTree = "<group>";
		};
		30E20B072925B1EC008FC3DB /* Resources */ = {
			isa = PBXGroup;
			children = (
				30E20ADF2925AFDE008FC3DB /* Assets.xcassets */,
				30E20B49292BD371008FC3DB /* heroes.json */,
			);
			path = Resources;
			sourceTree = "<group>";
		};
		30E20B082925B201008FC3DB /* Sources */ = {
			isa = PBXGroup;
			children = (
				30E20B45292BCE08008FC3DB /* Network */,
				30E20B42292BCC85008FC3DB /* Features */,
				30E20B43292BCCD8008FC3DB /* ReusableComponents */,
				30E20B3C2928441E008FC3DB /* Util */,
			);
			path = Sources;
			sourceTree = "<group>";
		};
		30E20B0C2925B2C1008FC3DB /* Main */ = {
			isa = PBXGroup;
			children = (
				30E20B1A29265830008FC3DB /* MainViewController.swift */,
			);
			path = Main;
			sourceTree = "<group>";
		};
		30E20B0D2925B78D008FC3DB /* View */ = {
			isa = PBXGroup;
			children = (
				30E20B092925B249008FC3DB /* HomeViewController.swift */,
				30E20B0E2925B7A1008FC3DB /* HomeView.swift */,
			);
			path = View;
			sourceTree = "<group>";
		};
		30E20B1129265620008FC3DB /* Home */ = {
			isa = PBXGroup;
			children = (
				30E20B2629268474008FC3DB /* ViewModel */,
				30E20B0D2925B78D008FC3DB /* View */,
			);
			path = Home;
			sourceTree = "<group>";
		};
		30E20B1229265629008FC3DB /* Favorites */ = {
			isa = PBXGroup;
			children = (
				30E20B16292656D0008FC3DB /* Views */,
			);
			path = Favorites;
			sourceTree = "<group>";
		};
		30E20B16292656D0008FC3DB /* Views */ = {
			isa = PBXGroup;
			children = (
				30E20B13292656AA008FC3DB /* FavoritesViewController.swift */,
				30E20B17292656E7008FC3DB /* FavoritesView.swift */,
			);
			path = Views;
			sourceTree = "<group>";
		};
		30E20B23292683AA008FC3DB /* Models */ = {
			isa = PBXGroup;
			children = (
				30E20B24292683DD008FC3DB /* Hero.swift */,
				30E20B5B292D686B008FC3DB /* ResponseModel.swift */,
			);
			path = Models;
			sourceTree = "<group>";
		};
		30E20B2629268474008FC3DB /* ViewModel */ = {
			isa = PBXGroup;
			children = (
				30E20B27292684C4008FC3DB /* HomeViewModel.swift */,
			);
			path = ViewModel;
			sourceTree = "<group>";
		};
		30E20B2A2926AB56008FC3DB /* Cells */ = {
			isa = PBXGroup;
			children = (
				30E20B44292BCD24008FC3DB /* HeroCell */,
			);
			path = Cells;
			sourceTree = "<group>";
		};
		30E20B2B2926AB61008FC3DB /* ViewModel */ = {
			isa = PBXGroup;
			children = (
				30E20B2C2926AB98008FC3DB /* HeroCellViewModel.swift */,
			);
			path = ViewModel;
			sourceTree = "<group>";
		};
		30E20B2E2926AC3C008FC3DB /* View */ = {
			isa = PBXGroup;
			children = (
				30E20B2F2926AC50008FC3DB /* HeroTableViewCell.swift */,
				30E20B312926D991008FC3DB /* HeroCellView.swift */,
			);
			path = View;
			sourceTree = "<group>";
		};
		30E20B332927B5A7008FC3DB /* HeroDetail */ = {
			isa = PBXGroup;
			children = (
				30E20B3F292BB76C008FC3DB /* View */,
				30E20B5D292D68D1008FC3DB /* ViewModel */,
			);
			path = HeroDetail;
			sourceTree = "<group>";
		};
		30E20B3C2928441E008FC3DB /* Util */ = {
			isa = PBXGroup;
			children = (
				30E20B3A29284080008FC3DB /* Utilities.swift */,
				30E20B3D29284459008FC3DB /* Extensions.swift */,
				30E20B5E292E4694008FC3DB /* MD5Generator.swift */,
			);
			path = Util;
			sourceTree = "<group>";
		};
		30E20B3F292BB76C008FC3DB /* View */ = {
			isa = PBXGroup;
			children = (
				30E20B342927B5D4008FC3DB /* HeroDetailViewController.swift */,
				30E20B372927B92C008FC3DB /* HeroDetailView.swift */,
			);
			path = View;
			sourceTree = "<group>";
		};
		30E20B42292BCC85008FC3DB /* Features */ = {
			isa = PBXGroup;
			children = (
				30E20B1229265629008FC3DB /* Favorites */,
				30E20B332927B5A7008FC3DB /* HeroDetail */,
				30E20B1129265620008FC3DB /* Home */,
				30E20B0C2925B2C1008FC3DB /* Main */,
			);
			path = Features;
			sourceTree = "<group>";
		};
		30E20B43292BCCD8008FC3DB /* ReusableComponents */ = {
			isa = PBXGroup;
			children = (
				30E20B4C292BFFCF008FC3DB /* LoadView */,
				30E20B2A2926AB56008FC3DB /* Cells */,
			);
			path = ReusableComponents;
			sourceTree = "<group>";
		};
		30E20B44292BCD24008FC3DB /* HeroCell */ = {
			isa = PBXGroup;
			children = (
				30E20B2B2926AB61008FC3DB /* ViewModel */,
				30E20B2E2926AC3C008FC3DB /* View */,
			);
			path = HeroCell;
			sourceTree = "<group>";
		};
		30E20B45292BCE08008FC3DB /* Network */ = {
			isa = PBXGroup;
			children = (
				30E20B23292683AA008FC3DB /* Models */,
				30E20B46292BD04E008FC3DB /* Service.swift */,
				30E20B59292C226B008FC3DB /* ApiGlobalVariables.swift */,
			);
			path = Network;
			sourceTree = "<group>";
		};
		30E20B4C292BFFCF008FC3DB /* LoadView */ = {
			isa = PBXGroup;
			children = (
				30E20B55292C179A008FC3DB /* FullScreenLoaderView.swift */,
				30E20B56292C179A008FC3DB /* FullScreenLoaderView.xib */,
			);
			path = LoadView;
			sourceTree = "<group>";
		};
		30E20B5D292D68D1008FC3DB /* ViewModel */ = {
			isa = PBXGroup;
			children = (
				30E20B40292BB7AC008FC3DB /* HeroDetailViewModel.swift */,
			);
			path = ViewModel;
			sourceTree = "<group>";
		};
		5CA5491F4E86443783A02D67 /* Pods */ = {
			isa = PBXGroup;
			children = (
				39090E938B877B77B164859D /* Pods-marvelSuperHeroes.debug.xcconfig */,
				3C5CD95E82FB37AC23F424FE /* Pods-marvelSuperHeroes.release.xcconfig */,
				B9F5BB1A38D383CA3D61B169 /* Pods-marvelSuperHeroes-marvelSuperHeroesUITests.debug.xcconfig */,
				E0E1DE4B032DF52581DB4C9F /* Pods-marvelSuperHeroes-marvelSuperHeroesUITests.release.xcconfig */,
				35176E1C4B34ED94035A3A65 /* Pods-marvelSuperHeroesTests.debug.xcconfig */,
				BC192CEB7684011FD683DBA0 /* Pods-marvelSuperHeroesTests.release.xcconfig */,
			);
			path = Pods;
			sourceTree = "<group>";
		};
		E2272EBE05A7ABD3245947DF /* Frameworks */ = {
			isa = PBXGroup;
			children = (
				BDFBD04B8CADDEDD455B9BC1 /* Pods_marvelSuperHeroes.framework */,
				92E5A552CD10609D5E54387A /* Pods_marvelSuperHeroes_marvelSuperHeroesUITests.framework */,
				AA381185C82B8C1BA566E42D /* Pods_marvelSuperHeroesTests.framework */,
			);
			name = Frameworks;
			sourceTree = "<group>";
		};
/* End PBXGroup section */

/* Begin PBXNativeTarget section */
		30E20ACF2925AFD4008FC3DB /* marvelSuperHeroes */ = {
			isa = PBXNativeTarget;
			buildConfigurationList = 30E20AFD2925AFDF008FC3DB /* Build configuration list for PBXNativeTarget "marvelSuperHeroes" */;
			buildPhases = (
				5F3A2C0DD07B4B3DE7521A03 /* [CP] Check Pods Manifest.lock */,
				30E20ACC2925AFD4008FC3DB /* Sources */,
				30E20ACD2925AFD4008FC3DB /* Frameworks */,
				30E20ACE2925AFD4008FC3DB /* Resources */,
				151F7EC48248FDB1E29FC70A /* [CP] Embed Pods Frameworks */,
			);
			buildRules = (
			);
			dependencies = (
			);
			name = marvelSuperHeroes;
			productName = marvelSuperHeroes;
			productReference = 30E20AD02925AFD4008FC3DB /* marvelSuperHeroes.app */;
			productType = "com.apple.product-type.application";
		};
		30E20AE82925AFDF008FC3DB /* marvelSuperHeroesTests */ = {
			isa = PBXNativeTarget;
			buildConfigurationList = 30E20B002925AFDF008FC3DB /* Build configuration list for PBXNativeTarget "marvelSuperHeroesTests" */;
			buildPhases = (
				7F42530C997258A8D0FF5B84 /* [CP] Check Pods Manifest.lock */,
				30E20AE52925AFDF008FC3DB /* Sources */,
				30E20AE62925AFDF008FC3DB /* Frameworks */,
				30E20AE72925AFDF008FC3DB /* Resources */,
			);
			buildRules = (
			);
			dependencies = (
				30E20AEB2925AFDF008FC3DB /* PBXTargetDependency */,
			);
			name = marvelSuperHeroesTests;
			productName = marvelSuperHeroesTests;
			productReference = 30E20AE92925AFDF008FC3DB /* marvelSuperHeroesTests.xctest */;
			productType = "com.apple.product-type.bundle.unit-test";
		};
		30E20AF22925AFDF008FC3DB /* marvelSuperHeroesUITests */ = {
			isa = PBXNativeTarget;
			buildConfigurationList = 30E20B032925AFDF008FC3DB /* Build configuration list for PBXNativeTarget "marvelSuperHeroesUITests" */;
			buildPhases = (
				3CD56A460A60C676F04628B3 /* [CP] Check Pods Manifest.lock */,
				30E20AEF2925AFDF008FC3DB /* Sources */,
				30E20AF02925AFDF008FC3DB /* Frameworks */,
				30E20AF12925AFDF008FC3DB /* Resources */,
				53046A2ADD8B9CC500F39162 /* [CP] Embed Pods Frameworks */,
			);
			buildRules = (
			);
			dependencies = (
				30E20AF52925AFDF008FC3DB /* PBXTargetDependency */,
			);
			name = marvelSuperHeroesUITests;
			productName = marvelSuperHeroesUITests;
			productReference = 30E20AF32925AFDF008FC3DB /* marvelSuperHeroesUITests.xctest */;
			productType = "com.apple.product-type.bundle.ui-testing";
		};
/* End PBXNativeTarget section */

/* Begin PBXProject section */
		30E20AC82925AFD4008FC3DB /* Project object */ = {
			isa = PBXProject;
			attributes = {
				BuildIndependentTargetsInParallel = 1;
				LastSwiftUpdateCheck = 1400;
				LastUpgradeCheck = 1400;
				TargetAttributes = {
					30E20ACF2925AFD4008FC3DB = {
						CreatedOnToolsVersion = 14.0.1;
					};
					30E20AE82925AFDF008FC3DB = {
						CreatedOnToolsVersion = 14.0.1;
						TestTargetID = 30E20ACF2925AFD4008FC3DB;
					};
					30E20AF22925AFDF008FC3DB = {
						CreatedOnToolsVersion = 14.0.1;
						TestTargetID = 30E20ACF2925AFD4008FC3DB;
					};
				};
			};
			buildConfigurationList = 30E20ACB2925AFD4008FC3DB /* Build configuration list for PBXProject "marvelSuperHeroes" */;
			compatibilityVersion = "Xcode 14.0";
			developmentRegion = en;
			hasScannedForEncodings = 0;
			knownRegions = (
				en,
				Base,
			);
			mainGroup = 30E20AC72925AFD4008FC3DB;
			productRefGroup = 30E20AD12925AFD4008FC3DB /* Products */;
			projectDirPath = "";
			projectRoot = "";
			targets = (
				30E20ACF2925AFD4008FC3DB /* marvelSuperHeroes */,
				30E20AE82925AFDF008FC3DB /* marvelSuperHeroesTests */,
				30E20AF22925AFDF008FC3DB /* marvelSuperHeroesUITests */,
			);
		};
/* End PBXProject section */

/* Begin PBXResourcesBuildPhase section */
		30E20ACE2925AFD4008FC3DB /* Resources */ = {
			isa = PBXResourcesBuildPhase;
			buildActionMask = 2147483647;
			files = (
				30E20B4A292BD371008FC3DB /* heroes.json in Resources */,
				30E20AE32925AFDE008FC3DB /* LaunchScreen.storyboard in Resources */,
				30E20B58292C179A008FC3DB /* FullScreenLoaderView.xib in Resources */,
				30E20AE02925AFDE008FC3DB /* Assets.xcassets in Resources */,
			);
			runOnlyForDeploymentPostprocessing = 0;
		};
		30E20AE72925AFDF008FC3DB /* Resources */ = {
			isa = PBXResourcesBuildPhase;
			buildActionMask = 2147483647;
			files = (
				30E20B4B292BD371008FC3DB /* heroes.json in Resources */,
			);
			runOnlyForDeploymentPostprocessing = 0;
		};
		30E20AF12925AFDF008FC3DB /* Resources */ = {
			isa = PBXResourcesBuildPhase;
			buildActionMask = 2147483647;
			files = (
			);
			runOnlyForDeploymentPostprocessing = 0;
		};
/* End PBXResourcesBuildPhase section */

/* Begin PBXShellScriptBuildPhase section */
		151F7EC48248FDB1E29FC70A /* [CP] Embed Pods Frameworks */ = {
			isa = PBXShellScriptBuildPhase;
			buildActionMask = 2147483647;
			files = (
			);
			inputFileListPaths = (
				"${PODS_ROOT}/Target Support Files/Pods-marvelSuperHeroes/Pods-marvelSuperHeroes-frameworks-${CONFIGURATION}-input-files.xcfilelist",
			);
			name = "[CP] Embed Pods Frameworks";
			outputFileListPaths = (
				"${PODS_ROOT}/Target Support Files/Pods-marvelSuperHeroes/Pods-marvelSuperHeroes-frameworks-${CONFIGURATION}-output-files.xcfilelist",
			);
			runOnlyForDeploymentPostprocessing = 0;
			shellPath = /bin/sh;
			shellScript = "\"${PODS_ROOT}/Target Support Files/Pods-marvelSuperHeroes/Pods-marvelSuperHeroes-frameworks.sh\"\n";
			showEnvVarsInLog = 0;
		};
		3CD56A460A60C676F04628B3 /* [CP] Check Pods Manifest.lock */ = {
			isa = PBXShellScriptBuildPhase;
			buildActionMask = 2147483647;
			files = (
			);
			inputFileListPaths = (
			);
			inputPaths = (
				"${PODS_PODFILE_DIR_PATH}/Podfile.lock",
				"${PODS_ROOT}/Manifest.lock",
			);
			name = "[CP] Check Pods Manifest.lock";
			outputFileListPaths = (
			);
			outputPaths = (
				"$(DERIVED_FILE_DIR)/Pods-marvelSuperHeroes-marvelSuperHeroesUITests-checkManifestLockResult.txt",
			);
			runOnlyForDeploymentPostprocessing = 0;
			shellPath = /bin/sh;
			shellScript = "diff \"${PODS_PODFILE_DIR_PATH}/Podfile.lock\" \"${PODS_ROOT}/Manifest.lock\" > /dev/null\nif [ $? != 0 ] ; then\n    # print error to STDERR\n    echo \"error: The sandbox is not in sync with the Podfile.lock. Run 'pod install' or update your CocoaPods installation.\" >&2\n    exit 1\nfi\n# This output is used by Xcode 'outputs' to avoid re-running this script phase.\necho \"SUCCESS\" > \"${SCRIPT_OUTPUT_FILE_0}\"\n";
			showEnvVarsInLog = 0;
		};
		53046A2ADD8B9CC500F39162 /* [CP] Embed Pods Frameworks */ = {
			isa = PBXShellScriptBuildPhase;
			buildActionMask = 2147483647;
			files = (
			);
			inputFileListPaths = (
				"${PODS_ROOT}/Target Support Files/Pods-marvelSuperHeroes-marvelSuperHeroesUITests/Pods-marvelSuperHeroes-marvelSuperHeroesUITests-frameworks-${CONFIGURATION}-input-files.xcfilelist",
			);
			name = "[CP] Embed Pods Frameworks";
			outputFileListPaths = (
				"${PODS_ROOT}/Target Support Files/Pods-marvelSuperHeroes-marvelSuperHeroesUITests/Pods-marvelSuperHeroes-marvelSuperHeroesUITests-frameworks-${CONFIGURATION}-output-files.xcfilelist",
			);
			runOnlyForDeploymentPostprocessing = 0;
			shellPath = /bin/sh;
			shellScript = "\"${PODS_ROOT}/Target Support Files/Pods-marvelSuperHeroes-marvelSuperHeroesUITests/Pods-marvelSuperHeroes-marvelSuperHeroesUITests-frameworks.sh\"\n";
			showEnvVarsInLog = 0;
		};
		5F3A2C0DD07B4B3DE7521A03 /* [CP] Check Pods Manifest.lock */ = {
			isa = PBXShellScriptBuildPhase;
			buildActionMask = 2147483647;
			files = (
			);
			inputFileListPaths = (
			);
			inputPaths = (
				"${PODS_PODFILE_DIR_PATH}/Podfile.lock",
				"${PODS_ROOT}/Manifest.lock",
			);
			name = "[CP] Check Pods Manifest.lock";
			outputFileListPaths = (
			);
			outputPaths = (
				"$(DERIVED_FILE_DIR)/Pods-marvelSuperHeroes-checkManifestLockResult.txt",
			);
			runOnlyForDeploymentPostprocessing = 0;
			shellPath = /bin/sh;
			shellScript = "diff \"${PODS_PODFILE_DIR_PATH}/Podfile.lock\" \"${PODS_ROOT}/Manifest.lock\" > /dev/null\nif [ $? != 0 ] ; then\n    # print error to STDERR\n    echo \"error: The sandbox is not in sync with the Podfile.lock. Run 'pod install' or update your CocoaPods installation.\" >&2\n    exit 1\nfi\n# This output is used by Xcode 'outputs' to avoid re-running this script phase.\necho \"SUCCESS\" > \"${SCRIPT_OUTPUT_FILE_0}\"\n";
			showEnvVarsInLog = 0;
		};
		7F42530C997258A8D0FF5B84 /* [CP] Check Pods Manifest.lock */ = {
			isa = PBXShellScriptBuildPhase;
			buildActionMask = 2147483647;
			files = (
			);
			inputFileListPaths = (
			);
			inputPaths = (
				"${PODS_PODFILE_DIR_PATH}/Podfile.lock",
				"${PODS_ROOT}/Manifest.lock",
			);
			name = "[CP] Check Pods Manifest.lock";
			outputFileListPaths = (
			);
			outputPaths = (
				"$(DERIVED_FILE_DIR)/Pods-marvelSuperHeroesTests-checkManifestLockResult.txt",
			);
			runOnlyForDeploymentPostprocessing = 0;
			shellPath = /bin/sh;
			shellScript = "diff \"${PODS_PODFILE_DIR_PATH}/Podfile.lock\" \"${PODS_ROOT}/Manifest.lock\" > /dev/null\nif [ $? != 0 ] ; then\n    # print error to STDERR\n    echo \"error: The sandbox is not in sync with the Podfile.lock. Run 'pod install' or update your CocoaPods installation.\" >&2\n    exit 1\nfi\n# This output is used by Xcode 'outputs' to avoid re-running this script phase.\necho \"SUCCESS\" > \"${SCRIPT_OUTPUT_FILE_0}\"\n";
			showEnvVarsInLog = 0;
		};
/* End PBXShellScriptBuildPhase section */

/* Begin PBXSourcesBuildPhase section */
		30E20ACC2925AFD4008FC3DB /* Sources */ = {
			isa = PBXSourcesBuildPhase;
			buildActionMask = 2147483647;
			files = (
				30E20AD42925AFD4008FC3DB /* AppDelegate.swift in Sources */,
				30E20B3E29284459008FC3DB /* Extensions.swift in Sources */,
				30E20B302926AC50008FC3DB /* HeroTableViewCell.swift in Sources */,
				30E20B28292684C4008FC3DB /* HomeViewModel.swift in Sources */,
				30E20ADE2925AFD4008FC3DB /* marvelSuperHeroes.xcdatamodeld in Sources */,
				30E20AD62925AFD4008FC3DB /* SceneDelegate.swift in Sources */,
				30E20B0F2925B7A1008FC3DB /* HomeView.swift in Sources */,
				30E20B5A292C226B008FC3DB /* ApiGlobalVariables.swift in Sources */,
				30E20B5C292D686B008FC3DB /* ResponseModel.swift in Sources */,
				30E20B352927B5D5008FC3DB /* HeroDetailViewController.swift in Sources */,
				30E20B57292C179A008FC3DB /* FullScreenLoaderView.swift in Sources */,
				30E20B322926D991008FC3DB /* HeroCellView.swift in Sources */,
				30E20B25292683DD008FC3DB /* Hero.swift in Sources */,
				30E20B5F292E4694008FC3DB /* MD5Generator.swift in Sources */,
				30E20B3B29284080008FC3DB /* Utilities.swift in Sources */,
				30E20B18292656E7008FC3DB /* FavoritesView.swift in Sources */,
				30E20B382927B92C008FC3DB /* HeroDetailView.swift in Sources */,
				30E20B2D2926AB98008FC3DB /* HeroCellViewModel.swift in Sources */,
				30E20B14292656AA008FC3DB /* FavoritesViewController.swift in Sources */,
				30E20B41292BB7AC008FC3DB /* HeroDetailViewModel.swift in Sources */,
				30E20B47292BD04E008FC3DB /* Service.swift in Sources */,
				30E20B0A2925B249008FC3DB /* HomeViewController.swift in Sources */,
				30E20B1B29265830008FC3DB /* MainViewController.swift in Sources */,
			);
			runOnlyForDeploymentPostprocessing = 0;
		};
		30E20AE52925AFDF008FC3DB /* Sources */ = {
			isa = PBXSourcesBuildPhase;
			buildActionMask = 2147483647;
			files = (
				30E20B19292656E7008FC3DB /* FavoritesView.swift in Sources */,
				30E20B362927B5D5008FC3DB /* HeroDetailViewController.swift in Sources */,
				30E20AEE2925AFDF008FC3DB /* marvelSuperHeroesTests.swift in Sources */,
				30E20B29292684C4008FC3DB /* HomeViewModel.swift in Sources */,
				30E20B102925B7A1008FC3DB /* HomeView.swift in Sources */,
				30E20B1C29265830008FC3DB /* MainViewController.swift in Sources */,
				30E20B15292656AA008FC3DB /* FavoritesViewController.swift in Sources */,
				30E20B48292BD04E008FC3DB /* Service.swift in Sources */,
				30E20B0B2925B249008FC3DB /* HomeViewController.swift in Sources */,
				30E20B392927B92C008FC3DB /* HeroDetailView.swift in Sources */,
			);
			runOnlyForDeploymentPostprocessing = 0;
		};
		30E20AEF2925AFDF008FC3DB /* Sources */ = {
			isa = PBXSourcesBuildPhase;
			buildActionMask = 2147483647;
			files = (
				30E20AF82925AFDF008FC3DB /* marvelSuperHeroesUITests.swift in Sources */,
				30E20AFA2925AFDF008FC3DB /* marvelSuperHeroesUITestsLaunchTests.swift in Sources */,
			);
			runOnlyForDeploymentPostprocessing = 0;
		};
/* End PBXSourcesBuildPhase section */

/* Begin PBXTargetDependency section */
		30E20AEB2925AFDF008FC3DB /* PBXTargetDependency */ = {
			isa = PBXTargetDependency;
			target = 30E20ACF2925AFD4008FC3DB /* marvelSuperHeroes */;
			targetProxy = 30E20AEA2925AFDF008FC3DB /* PBXContainerItemProxy */;
		};
		30E20AF52925AFDF008FC3DB /* PBXTargetDependency */ = {
			isa = PBXTargetDependency;
			target = 30E20ACF2925AFD4008FC3DB /* marvelSuperHeroes */;
			targetProxy = 30E20AF42925AFDF008FC3DB /* PBXContainerItemProxy */;
		};
/* End PBXTargetDependency section */

/* Begin PBXVariantGroup section */
		30E20AE12925AFDE008FC3DB /* LaunchScreen.storyboard */ = {
			isa = PBXVariantGroup;
			children = (
				30E20AE22925AFDE008FC3DB /* Base */,
			);
			name = LaunchScreen.storyboard;
			sourceTree = "<group>";
		};
/* End PBXVariantGroup section */

/* Begin XCBuildConfiguration section */
		30E20AFB2925AFDF008FC3DB /* Debug */ = {
			isa = XCBuildConfiguration;
			buildSettings = {
				ALWAYS_SEARCH_USER_PATHS = NO;
				CLANG_ANALYZER_NONNULL = YES;
				CLANG_ANALYZER_NUMBER_OBJECT_CONVERSION = YES_AGGRESSIVE;
				CLANG_CXX_LANGUAGE_STANDARD = "gnu++20";
				CLANG_ENABLE_MODULES = YES;
				CLANG_ENABLE_OBJC_ARC = YES;
				CLANG_ENABLE_OBJC_WEAK = YES;
				CLANG_WARN_BLOCK_CAPTURE_AUTORELEASING = YES;
				CLANG_WARN_BOOL_CONVERSION = YES;
				CLANG_WARN_COMMA = YES;
				CLANG_WARN_CONSTANT_CONVERSION = YES;
				CLANG_WARN_DEPRECATED_OBJC_IMPLEMENTATIONS = YES;
				CLANG_WARN_DIRECT_OBJC_ISA_USAGE = YES_ERROR;
				CLANG_WARN_DOCUMENTATION_COMMENTS = YES;
				CLANG_WARN_EMPTY_BODY = YES;
				CLANG_WARN_ENUM_CONVERSION = YES;
				CLANG_WARN_INFINITE_RECURSION = YES;
				CLANG_WARN_INT_CONVERSION = YES;
				CLANG_WARN_NON_LITERAL_NULL_CONVERSION = YES;
				CLANG_WARN_OBJC_IMPLICIT_RETAIN_SELF = YES;
				CLANG_WARN_OBJC_LITERAL_CONVERSION = YES;
				CLANG_WARN_OBJC_ROOT_CLASS = YES_ERROR;
				CLANG_WARN_QUOTED_INCLUDE_IN_FRAMEWORK_HEADER = YES;
				CLANG_WARN_RANGE_LOOP_ANALYSIS = YES;
				CLANG_WARN_STRICT_PROTOTYPES = YES;
				CLANG_WARN_SUSPICIOUS_MOVE = YES;
				CLANG_WARN_UNGUARDED_AVAILABILITY = YES_AGGRESSIVE;
				CLANG_WARN_UNREACHABLE_CODE = YES;
				CLANG_WARN__DUPLICATE_METHOD_MATCH = YES;
				COPY_PHASE_STRIP = NO;
				DEBUG_INFORMATION_FORMAT = dwarf;
				ENABLE_STRICT_OBJC_MSGSEND = YES;
				ENABLE_TESTABILITY = YES;
				GCC_C_LANGUAGE_STANDARD = gnu11;
				GCC_DYNAMIC_NO_PIC = NO;
				GCC_NO_COMMON_BLOCKS = YES;
				GCC_OPTIMIZATION_LEVEL = 0;
				GCC_PREPROCESSOR_DEFINITIONS = (
					"DEBUG=1",
					"$(inherited)",
				);
				GCC_WARN_64_TO_32_BIT_CONVERSION = YES;
				GCC_WARN_ABOUT_RETURN_TYPE = YES_ERROR;
				GCC_WARN_UNDECLARED_SELECTOR = YES;
				GCC_WARN_UNINITIALIZED_AUTOS = YES_AGGRESSIVE;
				GCC_WARN_UNUSED_FUNCTION = YES;
				GCC_WARN_UNUSED_VARIABLE = YES;
				IPHONEOS_DEPLOYMENT_TARGET = 11.0;
				MTL_ENABLE_DEBUG_INFO = INCLUDE_SOURCE;
				MTL_FAST_MATH = YES;
				ONLY_ACTIVE_ARCH = YES;
				SDKROOT = iphoneos;
				SWIFT_ACTIVE_COMPILATION_CONDITIONS = DEBUG;
				SWIFT_OPTIMIZATION_LEVEL = "-Onone";
			};
			name = Debug;
		};
		30E20AFC2925AFDF008FC3DB /* Release */ = {
			isa = XCBuildConfiguration;
			buildSettings = {
				ALWAYS_SEARCH_USER_PATHS = NO;
				CLANG_ANALYZER_NONNULL = YES;
				CLANG_ANALYZER_NUMBER_OBJECT_CONVERSION = YES_AGGRESSIVE;
				CLANG_CXX_LANGUAGE_STANDARD = "gnu++20";
				CLANG_ENABLE_MODULES = YES;
				CLANG_ENABLE_OBJC_ARC = YES;
				CLANG_ENABLE_OBJC_WEAK = YES;
				CLANG_WARN_BLOCK_CAPTURE_AUTORELEASING = YES;
				CLANG_WARN_BOOL_CONVERSION = YES;
				CLANG_WARN_COMMA = YES;
				CLANG_WARN_CONSTANT_CONVERSION = YES;
				CLANG_WARN_DEPRECATED_OBJC_IMPLEMENTATIONS = YES;
				CLANG_WARN_DIRECT_OBJC_ISA_USAGE = YES_ERROR;
				CLANG_WARN_DOCUMENTATION_COMMENTS = YES;
				CLANG_WARN_EMPTY_BODY = YES;
				CLANG_WARN_ENUM_CONVERSION = YES;
				CLANG_WARN_INFINITE_RECURSION = YES;
				CLANG_WARN_INT_CONVERSION = YES;
				CLANG_WARN_NON_LITERAL_NULL_CONVERSION = YES;
				CLANG_WARN_OBJC_IMPLICIT_RETAIN_SELF = YES;
				CLANG_WARN_OBJC_LITERAL_CONVERSION = YES;
				CLANG_WARN_OBJC_ROOT_CLASS = YES_ERROR;
				CLANG_WARN_QUOTED_INCLUDE_IN_FRAMEWORK_HEADER = YES;
				CLANG_WARN_RANGE_LOOP_ANALYSIS = YES;
				CLANG_WARN_STRICT_PROTOTYPES = YES;
				CLANG_WARN_SUSPICIOUS_MOVE = YES;
				CLANG_WARN_UNGUARDED_AVAILABILITY = YES_AGGRESSIVE;
				CLANG_WARN_UNREACHABLE_CODE = YES;
				CLANG_WARN__DUPLICATE_METHOD_MATCH = YES;
				COPY_PHASE_STRIP = NO;
				DEBUG_INFORMATION_FORMAT = "dwarf-with-dsym";
				ENABLE_NS_ASSERTIONS = NO;
				ENABLE_STRICT_OBJC_MSGSEND = YES;
				GCC_C_LANGUAGE_STANDARD = gnu11;
				GCC_NO_COMMON_BLOCKS = YES;
				GCC_WARN_64_TO_32_BIT_CONVERSION = YES;
				GCC_WARN_ABOUT_RETURN_TYPE = YES_ERROR;
				GCC_WARN_UNDECLARED_SELECTOR = YES;
				GCC_WARN_UNINITIALIZED_AUTOS = YES_AGGRESSIVE;
				GCC_WARN_UNUSED_FUNCTION = YES;
				GCC_WARN_UNUSED_VARIABLE = YES;
				IPHONEOS_DEPLOYMENT_TARGET = 11.0;
				MTL_ENABLE_DEBUG_INFO = NO;
				MTL_FAST_MATH = YES;
				SDKROOT = iphoneos;
				SWIFT_COMPILATION_MODE = wholemodule;
				SWIFT_OPTIMIZATION_LEVEL = "-O";
				VALIDATE_PRODUCT = YES;
			};
			name = Release;
		};
		30E20AFE2925AFDF008FC3DB /* Debug */ = {
			isa = XCBuildConfiguration;
			baseConfigurationReference = 39090E938B877B77B164859D /* Pods-marvelSuperHeroes.debug.xcconfig */;
			buildSettings = {
				ASSETCATALOG_COMPILER_APPICON_NAME = AppIcon;
				ASSETCATALOG_COMPILER_GLOBAL_ACCENT_COLOR_NAME = AccentColor;
				CODE_SIGN_STYLE = Automatic;
				CURRENT_PROJECT_VERSION = 1;
				DEVELOPMENT_TEAM = 4U7B2G7Z4N;
				GENERATE_INFOPLIST_FILE = YES;
				INFOPLIST_FILE = marvelSuperHeroes/Info.plist;
				INFOPLIST_KEY_CFBundleDisplayName = "Super Heroes";
				INFOPLIST_KEY_LSApplicationCategoryType = "public.app-category.entertainment";
				INFOPLIST_KEY_UIApplicationSupportsIndirectInputEvents = YES;
				INFOPLIST_KEY_UILaunchStoryboardName = LaunchScreen;
				INFOPLIST_KEY_UISupportedInterfaceOrientations = "UIInterfaceOrientationLandscapeLeft UIInterfaceOrientationLandscapeRight UIInterfaceOrientationPortrait";
				IPHONEOS_DEPLOYMENT_TARGET = 11.0;
				LD_RUNPATH_SEARCH_PATHS = (
					"$(inherited)",
					"@executable_path/Frameworks",
				);
				MARKETING_VERSION = 1.0;
				PRODUCT_BUNDLE_IDENTIFIER = rqueiroz.marvelSuperHeroes;
				PRODUCT_NAME = "$(TARGET_NAME)";
				SUPPORTED_PLATFORMS = "iphoneos iphonesimulator";
				SUPPORTS_MACCATALYST = NO;
				SUPPORTS_MAC_DESIGNED_FOR_IPHONE_IPAD = NO;
				SWIFT_EMIT_LOC_STRINGS = YES;
				SWIFT_VERSION = 5.0;
				TARGETED_DEVICE_FAMILY = "1,2";
			};
			name = Debug;
		};
		30E20AFF2925AFDF008FC3DB /* Release */ = {
			isa = XCBuildConfiguration;
			baseConfigurationReference = 3C5CD95E82FB37AC23F424FE /* Pods-marvelSuperHeroes.release.xcconfig */;
			buildSettings = {
				ASSETCATALOG_COMPILER_APPICON_NAME = AppIcon;
				ASSETCATALOG_COMPILER_GLOBAL_ACCENT_COLOR_NAME = AccentColor;
				CODE_SIGN_STYLE = Automatic;
				CURRENT_PROJECT_VERSION = 1;
				DEVELOPMENT_TEAM = 4U7B2G7Z4N;
				GENERATE_INFOPLIST_FILE = YES;
				INFOPLIST_FILE = marvelSuperHeroes/Info.plist;
				INFOPLIST_KEY_CFBundleDisplayName = "Super Heroes";
				INFOPLIST_KEY_LSApplicationCategoryType = "public.app-category.entertainment";
				INFOPLIST_KEY_UIApplicationSupportsIndirectInputEvents = YES;
				INFOPLIST_KEY_UILaunchStoryboardName = LaunchScreen;
				INFOPLIST_KEY_UISupportedInterfaceOrientations = "UIInterfaceOrientationLandscapeLeft UIInterfaceOrientationLandscapeRight UIInterfaceOrientationPortrait";
				IPHONEOS_DEPLOYMENT_TARGET = 11.0;
				LD_RUNPATH_SEARCH_PATHS = (
					"$(inherited)",
					"@executable_path/Frameworks",
				);
				MARKETING_VERSION = 1.0;
				PRODUCT_BUNDLE_IDENTIFIER = rqueiroz.marvelSuperHeroes;
				PRODUCT_NAME = "$(TARGET_NAME)";
				SUPPORTED_PLATFORMS = "iphoneos iphonesimulator";
				SUPPORTS_MACCATALYST = NO;
				SUPPORTS_MAC_DESIGNED_FOR_IPHONE_IPAD = NO;
				SWIFT_EMIT_LOC_STRINGS = YES;
				SWIFT_VERSION = 5.0;
				TARGETED_DEVICE_FAMILY = "1,2";
			};
			name = Release;
		};
		30E20B012925AFDF008FC3DB /* Debug */ = {
			isa = XCBuildConfiguration;
			baseConfigurationReference = 35176E1C4B34ED94035A3A65 /* Pods-marvelSuperHeroesTests.debug.xcconfig */;
			buildSettings = {
				ALWAYS_EMBED_SWIFT_STANDARD_LIBRARIES = YES;
				BUNDLE_LOADER = "$(TEST_HOST)";
				CODE_SIGN_STYLE = Automatic;
				CURRENT_PROJECT_VERSION = 1;
				DEVELOPMENT_TEAM = 4U7B2G7Z4N;
				GENERATE_INFOPLIST_FILE = YES;
				IPHONEOS_DEPLOYMENT_TARGET = 16.0;
				MARKETING_VERSION = 1.0;
				PRODUCT_BUNDLE_IDENTIFIER = rqueiroz.marvelSuperHeroesTests;
				PRODUCT_NAME = "$(TARGET_NAME)";
				SWIFT_EMIT_LOC_STRINGS = NO;
				SWIFT_VERSION = 5.0;
				TARGETED_DEVICE_FAMILY = "1,2";
				TEST_HOST = "$(BUILT_PRODUCTS_DIR)/marvelSuperHeroes.app/$(BUNDLE_EXECUTABLE_FOLDER_PATH)/marvelSuperHeroes";
			};
			name = Debug;
		};
		30E20B022925AFDF008FC3DB /* Release */ = {
			isa = XCBuildConfiguration;
			baseConfigurationReference = BC192CEB7684011FD683DBA0 /* Pods-marvelSuperHeroesTests.release.xcconfig */;
			buildSettings = {
				ALWAYS_EMBED_SWIFT_STANDARD_LIBRARIES = YES;
				BUNDLE_LOADER = "$(TEST_HOST)";
				CODE_SIGN_STYLE = Automatic;
				CURRENT_PROJECT_VERSION = 1;
				DEVELOPMENT_TEAM = 4U7B2G7Z4N;
				GENERATE_INFOPLIST_FILE = YES;
				IPHONEOS_DEPLOYMENT_TARGET = 16.0;
				MARKETING_VERSION = 1.0;
				PRODUCT_BUNDLE_IDENTIFIER = rqueiroz.marvelSuperHeroesTests;
				PRODUCT_NAME = "$(TARGET_NAME)";
				SWIFT_EMIT_LOC_STRINGS = NO;
				SWIFT_VERSION = 5.0;
				TARGETED_DEVICE_FAMILY = "1,2";
				TEST_HOST = "$(BUILT_PRODUCTS_DIR)/marvelSuperHeroes.app/$(BUNDLE_EXECUTABLE_FOLDER_PATH)/marvelSuperHeroes";
			};
			name = Release;
		};
		30E20B042925AFDF008FC3DB /* Debug */ = {
			isa = XCBuildConfiguration;
			baseConfigurationReference = B9F5BB1A38D383CA3D61B169 /* Pods-marvelSuperHeroes-marvelSuperHeroesUITests.debug.xcconfig */;
			buildSettings = {
				ALWAYS_EMBED_SWIFT_STANDARD_LIBRARIES = YES;
				CODE_SIGN_STYLE = Automatic;
				CURRENT_PROJECT_VERSION = 1;
				DEVELOPMENT_TEAM = 4U7B2G7Z4N;
				GENERATE_INFOPLIST_FILE = YES;
				MARKETING_VERSION = 1.0;
				PRODUCT_BUNDLE_IDENTIFIER = rqueiroz.marvelSuperHeroesUITests;
				PRODUCT_NAME = "$(TARGET_NAME)";
				SWIFT_EMIT_LOC_STRINGS = NO;
				SWIFT_VERSION = 5.0;
				TARGETED_DEVICE_FAMILY = "1,2";
				TEST_TARGET_NAME = marvelSuperHeroes;
			};
			name = Debug;
		};
		30E20B052925AFDF008FC3DB /* Release */ = {
			isa = XCBuildConfiguration;
			baseConfigurationReference = E0E1DE4B032DF52581DB4C9F /* Pods-marvelSuperHeroes-marvelSuperHeroesUITests.release.xcconfig */;
			buildSettings = {
				ALWAYS_EMBED_SWIFT_STANDARD_LIBRARIES = YES;
				CODE_SIGN_STYLE = Automatic;
				CURRENT_PROJECT_VERSION = 1;
				DEVELOPMENT_TEAM = 4U7B2G7Z4N;
				GENERATE_INFOPLIST_FILE = YES;
				MARKETING_VERSION = 1.0;
				PRODUCT_BUNDLE_IDENTIFIER = rqueiroz.marvelSuperHeroesUITests;
				PRODUCT_NAME = "$(TARGET_NAME)";
				SWIFT_EMIT_LOC_STRINGS = NO;
				SWIFT_VERSION = 5.0;
				TARGETED_DEVICE_FAMILY = "1,2";
				TEST_TARGET_NAME = marvelSuperHeroes;
			};
			name = Release;
		};
/* End XCBuildConfiguration section */

/* Begin XCConfigurationList section */
		30E20ACB2925AFD4008FC3DB /* Build configuration list for PBXProject "marvelSuperHeroes" */ = {
			isa = XCConfigurationList;
			buildConfigurations = (
				30E20AFB2925AFDF008FC3DB /* Debug */,
				30E20AFC2925AFDF008FC3DB /* Release */,
			);
			defaultConfigurationIsVisible = 0;
			defaultConfigurationName = Release;
		};
		30E20AFD2925AFDF008FC3DB /* Build configuration list for PBXNativeTarget "marvelSuperHeroes" */ = {
			isa = XCConfigurationList;
			buildConfigurations = (
				30E20AFE2925AFDF008FC3DB /* Debug */,
				30E20AFF2925AFDF008FC3DB /* Release */,
			);
			defaultConfigurationIsVisible = 0;
			defaultConfigurationName = Release;
		};
		30E20B002925AFDF008FC3DB /* Build configuration list for PBXNativeTarget "marvelSuperHeroesTests" */ = {
			isa = XCConfigurationList;
			buildConfigurations = (
				30E20B012925AFDF008FC3DB /* Debug */,
				30E20B022925AFDF008FC3DB /* Release */,
			);
			defaultConfigurationIsVisible = 0;
			defaultConfigurationName = Release;
		};
		30E20B032925AFDF008FC3DB /* Build configuration list for PBXNativeTarget "marvelSuperHeroesUITests" */ = {
			isa = XCConfigurationList;
			buildConfigurations = (
				30E20B042925AFDF008FC3DB /* Debug */,
				30E20B052925AFDF008FC3DB /* Release */,
			);
			defaultConfigurationIsVisible = 0;
			defaultConfigurationName = Release;
		};
/* End XCConfigurationList section */

/* Begin XCVersionGroup section */
		30E20ADC2925AFD4008FC3DB /* marvelSuperHeroes.xcdatamodeld */ = {
			isa = XCVersionGroup;
			children = (
				30E20ADD2925AFD4008FC3DB /* marvelSuperHeroes.xcdatamodel */,
			);
			currentVersion = 30E20ADD2925AFD4008FC3DB /* marvelSuperHeroes.xcdatamodel */;
			path = marvelSuperHeroes.xcdatamodeld;
			sourceTree = "<group>";
			versionGroupType = wrapper.xcdatamodel;
		};
/* End XCVersionGroup section */
	};
	rootObject = 30E20AC82925AFD4008FC3DB /* Project object */;
}
